
Microsoft Visual Studio Solution File, Format Version 12.00
# Visual Studio Version 17
VisualStudioVersion = 17.9.34701.34
MinimumVisualStudioVersion = 10.0.40219.1
Project("{FAE04EC0-301F-11D3-BF4B-00C04F79EFBC}") = "AddressBookAPI", "AddressBookAPI\AddressBookAPI.csproj", "{F82AE7CC-CF17-4C17-B856-69F093FF1837}"
EndProject
Global
	GlobalSection(SolutionConfigurationPlatforms) = preSolution
		Debug|Any CPU = Debug|Any CPU
		Release|Any CPU = Release|Any CPU
	EndGlobalSection
	GlobalSection(ProjectConfigurationPlatforms) = postSolution
		{F82AE7CC-CF17-4C17-B856-69F093FF1837}.Debug|Any CPU.ActiveCfg = Debug|Any CPU
		{F82AE7CC-CF17-4C17-B856-69F093FF1837}.Debug|Any CPU.Build.0 = Debug|Any CPU
		{F82AE7CC-CF17-4C17-B856-69F093FF1837}.Release|Any CPU.ActiveCfg = Release|Any CPU
		{F82AE7CC-CF17-4C17-B856-69F093FF1837}.Release|Any CPU.Build.0 = Release|Any CPU
	EndGlobalSection
	GlobalSection(SolutionProperties) = preSolution
		HideSolutionNode = FALSE
	EndGlobalSection
	GlobalSection(ExtensibilityGlobals) = postSolution
		SolutionGuid = {61081DF4-0687-44FD-BF48-24E92E411CA3}
	EndGlobalSection
EndGlobal
